
Microsoft Visual Studio Solution File, Format Version 12.00
# Visual Studio Version 17
VisualStudioVersion = 17.13.35931.197 d17.13
MinimumVisualStudioVersion = 10.0.40219.1
Project("{FAE04EC0-301F-11D3-BF4B-00C04F79EFBC}") = "04Dtos", "04Dtos\04Dtos.csproj", "{F89098C1-C302-4F8A-A587-93F6E894F53E}"
EndProject
Global
	GlobalSection(SolutionConfigurationPlatforms) = preSolution
		Debug|Any CPU = Debug|Any CPU
		Release|Any CPU = Release|Any CPU
	EndGlobalSection
	GlobalSection(ProjectConfigurationPlatforms) = postSolution
		{F89098C1-C302-4F8A-A587-93F6E894F53E}.Debug|Any CPU.ActiveCfg = Debug|Any CPU
		{F89098C1-C302-4F8A-A587-93F6E894F53E}.Debug|Any CPU.Build.0 = Debug|Any CPU
		{F89098C1-C302-4F8A-A587-93F6E894F53E}.Release|Any CPU.ActiveCfg = Release|Any CPU
		{F89098C1-C302-4F8A-A587-93F6E894F53E}.Release|Any CPU.Build.0 = Release|Any CPU
	EndGlobalSection
	GlobalSection(SolutionProperties) = preSolution
		HideSolutionNode = FALSE
	EndGlobalSection
	GlobalSection(ExtensibilityGlobals) = postSolution
		SolutionGuid = {3510A742-033D-4F84-993A-B2540274164A}
	EndGlobalSection
EndGlobal
