
Microsoft Visual Studio Solution File, Format Version 12.00
# Visual Studio Version 17
VisualStudioVersion = 17.13.35931.197 d17.13
MinimumVisualStudioVersion = 10.0.40219.1
Project("{FAE04EC0-301F-11D3-BF4B-00C04F79EFBC}") = "02Pagination", "02Pagination\02Pagination.csproj", "{7A06ECC6-E38F-423A-94AF-8CDD1849766E}"
EndProject
Global
	GlobalSection(SolutionConfigurationPlatforms) = preSolution
		Debug|Any CPU = Debug|Any CPU
		Release|Any CPU = Release|Any CPU
	EndGlobalSection
	GlobalSection(ProjectConfigurationPlatforms) = postSolution
		{7A06ECC6-E38F-423A-94AF-8CDD1849766E}.Debug|Any CPU.ActiveCfg = Debug|Any CPU
		{7A06ECC6-E38F-423A-94AF-8CDD1849766E}.Debug|Any CPU.Build.0 = Debug|Any CPU
		{7A06ECC6-E38F-423A-94AF-8CDD1849766E}.Release|Any CPU.ActiveCfg = Release|Any CPU
		{7A06ECC6-E38F-423A-94AF-8CDD1849766E}.Release|Any CPU.Build.0 = Release|Any CPU
	EndGlobalSection
	GlobalSection(SolutionProperties) = preSolution
		HideSolutionNode = FALSE
	EndGlobalSection
	GlobalSection(ExtensibilityGlobals) = postSolution
		SolutionGuid = {D466C4E0-DA00-41E9-89DA-16DA1F638726}
	EndGlobalSection
EndGlobal
